
Microsoft Visual Studio Solution File, Format Version 12.00
# Visual Studio Version 16
VisualStudioVersion = 16.0.30517.126
MinimumVisualStudioVersion = 10.0.40219.1
Project("{FAE04EC0-301F-11D3-BF4B-00C04F79EFBC}") = "ejercicio de Queue", "ejercicio de Queue\ejercicio de Queue.csproj", "{7C9B9AC7-A46E-4F18-83DA-78514679794E}"
EndProject
Global
	GlobalSection(SolutionConfigurationPlatforms) = preSolution
		Debug|Any CPU = Debug|Any CPU
		Release|Any CPU = Release|Any CPU
	EndGlobalSection
	GlobalSection(ProjectConfigurationPlatforms) = postSolution
		{7C9B9AC7-A46E-4F18-83DA-78514679794E}.Debug|Any CPU.ActiveCfg = Debug|Any CPU
		{7C9B9AC7-A46E-4F18-83DA-78514679794E}.Debug|Any CPU.Build.0 = Debug|Any CPU
		{7C9B9AC7-A46E-4F18-83DA-78514679794E}.Release|Any CPU.ActiveCfg = Release|Any CPU
		{7C9B9AC7-A46E-4F18-83DA-78514679794E}.Release|Any CPU.Build.0 = Release|Any CPU
	EndGlobalSection
	GlobalSection(SolutionProperties) = preSolution
		HideSolutionNode = FALSE
	EndGlobalSection
	GlobalSection(ExtensibilityGlobals) = postSolution
		SolutionGuid = {15C4168D-1219-462A-94C5-4F9A498EB427}
	EndGlobalSection
EndGlobal
