
Microsoft Visual Studio Solution File, Format Version 12.00
# Visual Studio Version 16
VisualStudioVersion = 16.0.30517.126
MinimumVisualStudioVersion = 10.0.40219.1
Project("{FAE04EC0-301F-11D3-BF4B-00C04F79EFBC}") = "Conversion_entrada_movilidad_de_datos", "Conversion_entrada_movilidad_de_datos\Conversion_entrada_movilidad_de_datos.csproj", "{9319F538-F9BF-4811-8A6C-627DF7550471}"
EndProject
Global
	GlobalSection(SolutionConfigurationPlatforms) = preSolution
		Debug|Any CPU = Debug|Any CPU
		Release|Any CPU = Release|Any CPU
	EndGlobalSection
	GlobalSection(ProjectConfigurationPlatforms) = postSolution
		{9319F538-F9BF-4811-8A6C-627DF7550471}.Debug|Any CPU.ActiveCfg = Debug|Any CPU
		{9319F538-F9BF-4811-8A6C-627DF7550471}.Debug|Any CPU.Build.0 = Debug|Any CPU
		{9319F538-F9BF-4811-8A6C-627DF7550471}.Release|Any CPU.ActiveCfg = Release|Any CPU
		{9319F538-F9BF-4811-8A6C-627DF7550471}.Release|Any CPU.Build.0 = Release|Any CPU
	EndGlobalSection
	GlobalSection(SolutionProperties) = preSolution
		HideSolutionNode = FALSE
	EndGlobalSection
	GlobalSection(ExtensibilityGlobals) = postSolution
		SolutionGuid = {D2DB03AB-B76E-4AA4-A88B-34652078C476}
	EndGlobalSection
EndGlobal
