
Microsoft Visual Studio Solution File, Format Version 12.00
# Visual Studio Version 16
VisualStudioVersion = 16.0.30517.126
MinimumVisualStudioVersion = 10.0.40219.1
Project("{FAE04EC0-301F-11D3-BF4B-00C04F79EFBC}") = "Clases", "Clases\Clases.csproj", "{C4CD7606-3FAE-4B22-9982-4ADF7A163BA1}"
EndProject
Global
	GlobalSection(SolutionConfigurationPlatforms) = preSolution
		Debug|Any CPU = Debug|Any CPU
		Release|Any CPU = Release|Any CPU
	EndGlobalSection
	GlobalSection(ProjectConfigurationPlatforms) = postSolution
		{C4CD7606-3FAE-4B22-9982-4ADF7A163BA1}.Debug|Any CPU.ActiveCfg = Debug|Any CPU
		{C4CD7606-3FAE-4B22-9982-4ADF7A163BA1}.Debug|Any CPU.Build.0 = Debug|Any CPU
		{C4CD7606-3FAE-4B22-9982-4ADF7A163BA1}.Release|Any CPU.ActiveCfg = Release|Any CPU
		{C4CD7606-3FAE-4B22-9982-4ADF7A163BA1}.Release|Any CPU.Build.0 = Release|Any CPU
	EndGlobalSection
	GlobalSection(SolutionProperties) = preSolution
		HideSolutionNode = FALSE
	EndGlobalSection
	GlobalSection(ExtensibilityGlobals) = postSolution
		SolutionGuid = {25F4DE23-F777-4FF5-ABCC-CCA6D778C28A}
	EndGlobalSection
EndGlobal
