
Microsoft Visual Studio Solution File, Format Version 12.00
# Visual Studio Version 16
VisualStudioVersion = 16.0.30517.126
MinimumVisualStudioVersion = 10.0.40219.1
Project("{FAE04EC0-301F-11D3-BF4B-00C04F79EFBC}") = "transformacion_de_centigrados_a_F", "transformacion_de_centigrados_a_F\transformacion_de_centigrados_a_F.csproj", "{7E133179-5E4B-4555-B5BF-AAE01D1B7391}"
EndProject
Global
	GlobalSection(SolutionConfigurationPlatforms) = preSolution
		Debug|Any CPU = Debug|Any CPU
		Release|Any CPU = Release|Any CPU
	EndGlobalSection
	GlobalSection(ProjectConfigurationPlatforms) = postSolution
		{7E133179-5E4B-4555-B5BF-AAE01D1B7391}.Debug|Any CPU.ActiveCfg = Debug|Any CPU
		{7E133179-5E4B-4555-B5BF-AAE01D1B7391}.Debug|Any CPU.Build.0 = Debug|Any CPU
		{7E133179-5E4B-4555-B5BF-AAE01D1B7391}.Release|Any CPU.ActiveCfg = Release|Any CPU
		{7E133179-5E4B-4555-B5BF-AAE01D1B7391}.Release|Any CPU.Build.0 = Release|Any CPU
	EndGlobalSection
	GlobalSection(SolutionProperties) = preSolution
		HideSolutionNode = FALSE
	EndGlobalSection
	GlobalSection(ExtensibilityGlobals) = postSolution
		SolutionGuid = {62AAF39B-18D6-4570-A60C-2EB45BE5508B}
	EndGlobalSection
EndGlobal
