
Microsoft Visual Studio Solution File, Format Version 12.00
# Visual Studio Version 16
VisualStudioVersion = 16.0.30517.126
MinimumVisualStudioVersion = 10.0.40219.1
Project("{FAE04EC0-301F-11D3-BF4B-00C04F79EFBC}") = "while", "while\while.csproj", "{9C5CF257-4F54-4E58-AF0E-7092621A2A47}"
EndProject
Global
	GlobalSection(SolutionConfigurationPlatforms) = preSolution
		Debug|Any CPU = Debug|Any CPU
		Release|Any CPU = Release|Any CPU
	EndGlobalSection
	GlobalSection(ProjectConfigurationPlatforms) = postSolution
		{9C5CF257-4F54-4E58-AF0E-7092621A2A47}.Debug|Any CPU.ActiveCfg = Debug|Any CPU
		{9C5CF257-4F54-4E58-AF0E-7092621A2A47}.Debug|Any CPU.Build.0 = Debug|Any CPU
		{9C5CF257-4F54-4E58-AF0E-7092621A2A47}.Release|Any CPU.ActiveCfg = Release|Any CPU
		{9C5CF257-4F54-4E58-AF0E-7092621A2A47}.Release|Any CPU.Build.0 = Release|Any CPU
	EndGlobalSection
	GlobalSection(SolutionProperties) = preSolution
		HideSolutionNode = FALSE
	EndGlobalSection
	GlobalSection(ExtensibilityGlobals) = postSolution
		SolutionGuid = {8C5D7670-CC66-4359-B293-553F48443FA0}
	EndGlobalSection
EndGlobal
