
Microsoft Visual Studio Solution File, Format Version 12.00
# Visual Studio Version 16
VisualStudioVersion = 16.0.30517.126
MinimumVisualStudioVersion = 10.0.40219.1
Project("{FAE04EC0-301F-11D3-BF4B-00C04F79EFBC}") = "ejercicios de session 5", "ejercicios de session 5\ejercicios de session 5.csproj", "{2E11397F-5922-4477-9823-10AE9D405C49}"
EndProject
Global
	GlobalSection(SolutionConfigurationPlatforms) = preSolution
		Debug|Any CPU = Debug|Any CPU
		Release|Any CPU = Release|Any CPU
	EndGlobalSection
	GlobalSection(ProjectConfigurationPlatforms) = postSolution
		{2E11397F-5922-4477-9823-10AE9D405C49}.Debug|Any CPU.ActiveCfg = Debug|Any CPU
		{2E11397F-5922-4477-9823-10AE9D405C49}.Debug|Any CPU.Build.0 = Debug|Any CPU
		{2E11397F-5922-4477-9823-10AE9D405C49}.Release|Any CPU.ActiveCfg = Release|Any CPU
		{2E11397F-5922-4477-9823-10AE9D405C49}.Release|Any CPU.Build.0 = Release|Any CPU
	EndGlobalSection
	GlobalSection(SolutionProperties) = preSolution
		HideSolutionNode = FALSE
	EndGlobalSection
	GlobalSection(ExtensibilityGlobals) = postSolution
		SolutionGuid = {EE32DDCC-01A3-4076-95D4-9A5DD12CD764}
	EndGlobalSection
EndGlobal
