
Microsoft Visual Studio Solution File, Format Version 12.00
# Visual Studio Version 16
VisualStudioVersion = 16.0.30517.126
MinimumVisualStudioVersion = 10.0.40219.1
Project("{FAE04EC0-301F-11D3-BF4B-00C04F79EFBC}") = "stream", "stream\stream.csproj", "{14D8AEA6-60AF-454B-AC71-C47786EAF661}"
EndProject
Global
	GlobalSection(SolutionConfigurationPlatforms) = preSolution
		Debug|Any CPU = Debug|Any CPU
		Release|Any CPU = Release|Any CPU
	EndGlobalSection
	GlobalSection(ProjectConfigurationPlatforms) = postSolution
		{14D8AEA6-60AF-454B-AC71-C47786EAF661}.Debug|Any CPU.ActiveCfg = Debug|Any CPU
		{14D8AEA6-60AF-454B-AC71-C47786EAF661}.Debug|Any CPU.Build.0 = Debug|Any CPU
		{14D8AEA6-60AF-454B-AC71-C47786EAF661}.Release|Any CPU.ActiveCfg = Release|Any CPU
		{14D8AEA6-60AF-454B-AC71-C47786EAF661}.Release|Any CPU.Build.0 = Release|Any CPU
	EndGlobalSection
	GlobalSection(SolutionProperties) = preSolution
		HideSolutionNode = FALSE
	EndGlobalSection
	GlobalSection(ExtensibilityGlobals) = postSolution
		SolutionGuid = {1E4E33F8-EE80-4F53-912D-571BDCDDE4FD}
	EndGlobalSection
EndGlobal
