
Microsoft Visual Studio Solution File, Format Version 12.00
# Visual Studio Version 16
VisualStudioVersion = 16.0.30517.126
MinimumVisualStudioVersion = 10.0.40219.1
Project("{FAE04EC0-301F-11D3-BF4B-00C04F79EFBC}") = "finally", "finally\finally.csproj", "{7BC74E6A-EDFD-4862-9015-606500665644}"
EndProject
Global
	GlobalSection(SolutionConfigurationPlatforms) = preSolution
		Debug|Any CPU = Debug|Any CPU
		Release|Any CPU = Release|Any CPU
	EndGlobalSection
	GlobalSection(ProjectConfigurationPlatforms) = postSolution
		{7BC74E6A-EDFD-4862-9015-606500665644}.Debug|Any CPU.ActiveCfg = Debug|Any CPU
		{7BC74E6A-EDFD-4862-9015-606500665644}.Debug|Any CPU.Build.0 = Debug|Any CPU
		{7BC74E6A-EDFD-4862-9015-606500665644}.Release|Any CPU.ActiveCfg = Release|Any CPU
		{7BC74E6A-EDFD-4862-9015-606500665644}.Release|Any CPU.Build.0 = Release|Any CPU
	EndGlobalSection
	GlobalSection(SolutionProperties) = preSolution
		HideSolutionNode = FALSE
	EndGlobalSection
	GlobalSection(ExtensibilityGlobals) = postSolution
		SolutionGuid = {5D33851D-1850-44E5-8374-1B918DEF0614}
	EndGlobalSection
EndGlobal
