
Microsoft Visual Studio Solution File, Format Version 12.00
# Visual Studio Version 16
VisualStudioVersion = 16.0.30517.126
MinimumVisualStudioVersion = 10.0.40219.1
Project("{FAE04EC0-301F-11D3-BF4B-00C04F79EFBC}") = "Operandos", "Operandos\Operandos.csproj", "{B1BB8D27-1682-4E93-9624-B5CA20A74F36}"
EndProject
Global
	GlobalSection(SolutionConfigurationPlatforms) = preSolution
		Debug|Any CPU = Debug|Any CPU
		Release|Any CPU = Release|Any CPU
	EndGlobalSection
	GlobalSection(ProjectConfigurationPlatforms) = postSolution
		{B1BB8D27-1682-4E93-9624-B5CA20A74F36}.Debug|Any CPU.ActiveCfg = Debug|Any CPU
		{B1BB8D27-1682-4E93-9624-B5CA20A74F36}.Debug|Any CPU.Build.0 = Debug|Any CPU
		{B1BB8D27-1682-4E93-9624-B5CA20A74F36}.Release|Any CPU.ActiveCfg = Release|Any CPU
		{B1BB8D27-1682-4E93-9624-B5CA20A74F36}.Release|Any CPU.Build.0 = Release|Any CPU
	EndGlobalSection
	GlobalSection(SolutionProperties) = preSolution
		HideSolutionNode = FALSE
	EndGlobalSection
	GlobalSection(ExtensibilityGlobals) = postSolution
		SolutionGuid = {50BFC4AE-1A09-4906-9269-5BE56D8C5891}
	EndGlobalSection
EndGlobal
