
Microsoft Visual Studio Solution File, Format Version 12.00
# Visual Studio Version 16
VisualStudioVersion = 16.0.30517.126
MinimumVisualStudioVersion = 10.0.40219.1
Project("{FAE04EC0-301F-11D3-BF4B-00C04F79EFBC}") = "tarea3", "tarea3\tarea3.csproj", "{56A8F62E-B181-43F0-8A58-315491BCCABE}"
EndProject
Global
	GlobalSection(SolutionConfigurationPlatforms) = preSolution
		Debug|Any CPU = Debug|Any CPU
		Release|Any CPU = Release|Any CPU
	EndGlobalSection
	GlobalSection(ProjectConfigurationPlatforms) = postSolution
		{56A8F62E-B181-43F0-8A58-315491BCCABE}.Debug|Any CPU.ActiveCfg = Debug|Any CPU
		{56A8F62E-B181-43F0-8A58-315491BCCABE}.Debug|Any CPU.Build.0 = Debug|Any CPU
		{56A8F62E-B181-43F0-8A58-315491BCCABE}.Release|Any CPU.ActiveCfg = Release|Any CPU
		{56A8F62E-B181-43F0-8A58-315491BCCABE}.Release|Any CPU.Build.0 = Release|Any CPU
	EndGlobalSection
	GlobalSection(SolutionProperties) = preSolution
		HideSolutionNode = FALSE
	EndGlobalSection
	GlobalSection(ExtensibilityGlobals) = postSolution
		SolutionGuid = {A8D9DB36-7F1F-4D29-8CAE-D76947CFAA30}
	EndGlobalSection
EndGlobal
