
Microsoft Visual Studio Solution File, Format Version 12.00
# Visual Studio Version 16
VisualStudioVersion = 16.0.30621.155
MinimumVisualStudioVersion = 10.0.40219.1
Project("{FAE04EC0-301F-11D3-BF4B-00C04F79EFBC}") = "prueba1", "prueba1\prueba1.csproj", "{1D5E8117-CB65-48D1-B942-8FCC8853164F}"
EndProject
Global
	GlobalSection(SolutionConfigurationPlatforms) = preSolution
		Debug|Any CPU = Debug|Any CPU
		Release|Any CPU = Release|Any CPU
	EndGlobalSection
	GlobalSection(ProjectConfigurationPlatforms) = postSolution
		{1D5E8117-CB65-48D1-B942-8FCC8853164F}.Debug|Any CPU.ActiveCfg = Debug|Any CPU
		{1D5E8117-CB65-48D1-B942-8FCC8853164F}.Debug|Any CPU.Build.0 = Debug|Any CPU
		{1D5E8117-CB65-48D1-B942-8FCC8853164F}.Release|Any CPU.ActiveCfg = Release|Any CPU
		{1D5E8117-CB65-48D1-B942-8FCC8853164F}.Release|Any CPU.Build.0 = Release|Any CPU
	EndGlobalSection
	GlobalSection(SolutionProperties) = preSolution
		HideSolutionNode = FALSE
	EndGlobalSection
	GlobalSection(ExtensibilityGlobals) = postSolution
		SolutionGuid = {A35DCAA1-CB96-4DB2-AF95-B562C25A1700}
	EndGlobalSection
EndGlobal
