
Microsoft Visual Studio Solution File, Format Version 12.00
# Visual Studio Version 16
VisualStudioVersion = 16.0.30517.126
MinimumVisualStudioVersion = 10.0.40219.1
Project("{FAE04EC0-301F-11D3-BF4B-00C04F79EFBC}") = "ejerciciodePOO", "ejerciciodePOO\ejerciciodePOO.csproj", "{EE6BD96B-40EA-4C0D-A41E-50651363209C}"
EndProject
Global
	GlobalSection(SolutionConfigurationPlatforms) = preSolution
		Debug|Any CPU = Debug|Any CPU
		Release|Any CPU = Release|Any CPU
	EndGlobalSection
	GlobalSection(ProjectConfigurationPlatforms) = postSolution
		{EE6BD96B-40EA-4C0D-A41E-50651363209C}.Debug|Any CPU.ActiveCfg = Debug|Any CPU
		{EE6BD96B-40EA-4C0D-A41E-50651363209C}.Debug|Any CPU.Build.0 = Debug|Any CPU
		{EE6BD96B-40EA-4C0D-A41E-50651363209C}.Release|Any CPU.ActiveCfg = Release|Any CPU
		{EE6BD96B-40EA-4C0D-A41E-50651363209C}.Release|Any CPU.Build.0 = Release|Any CPU
	EndGlobalSection
	GlobalSection(SolutionProperties) = preSolution
		HideSolutionNode = FALSE
	EndGlobalSection
	GlobalSection(ExtensibilityGlobals) = postSolution
		SolutionGuid = {04C60F04-3F45-4916-BCA6-D061E1A91B2C}
	EndGlobalSection
EndGlobal
