
Microsoft Visual Studio Solution File, Format Version 12.00
# Visual Studio Version 16
VisualStudioVersion = 16.0.30517.126
MinimumVisualStudioVersion = 10.0.40219.1
Project("{FAE04EC0-301F-11D3-BF4B-00C04F79EFBC}") = "do_while", "do_while\do_while.csproj", "{288BD665-9F76-458D-994D-8E4AE25857B2}"
EndProject
Global
	GlobalSection(SolutionConfigurationPlatforms) = preSolution
		Debug|Any CPU = Debug|Any CPU
		Release|Any CPU = Release|Any CPU
	EndGlobalSection
	GlobalSection(ProjectConfigurationPlatforms) = postSolution
		{288BD665-9F76-458D-994D-8E4AE25857B2}.Debug|Any CPU.ActiveCfg = Debug|Any CPU
		{288BD665-9F76-458D-994D-8E4AE25857B2}.Debug|Any CPU.Build.0 = Debug|Any CPU
		{288BD665-9F76-458D-994D-8E4AE25857B2}.Release|Any CPU.ActiveCfg = Release|Any CPU
		{288BD665-9F76-458D-994D-8E4AE25857B2}.Release|Any CPU.Build.0 = Release|Any CPU
	EndGlobalSection
	GlobalSection(SolutionProperties) = preSolution
		HideSolutionNode = FALSE
	EndGlobalSection
	GlobalSection(ExtensibilityGlobals) = postSolution
		SolutionGuid = {FF91D665-B441-4226-9370-ED1D256FFFAF}
	EndGlobalSection
EndGlobal
