
Microsoft Visual Studio Solution File, Format Version 12.00
# Visual Studio Version 16
VisualStudioVersion = 16.0.30517.126
MinimumVisualStudioVersion = 10.0.40219.1
Project("{FAE04EC0-301F-11D3-BF4B-00C04F79EFBC}") = "ejercicio de switch", "ejercicio de switch\ejercicio de switch.csproj", "{D1E7F37D-C9DC-4F32-A934-CD7C85E17614}"
EndProject
Global
	GlobalSection(SolutionConfigurationPlatforms) = preSolution
		Debug|Any CPU = Debug|Any CPU
		Release|Any CPU = Release|Any CPU
	EndGlobalSection
	GlobalSection(ProjectConfigurationPlatforms) = postSolution
		{D1E7F37D-C9DC-4F32-A934-CD7C85E17614}.Debug|Any CPU.ActiveCfg = Debug|Any CPU
		{D1E7F37D-C9DC-4F32-A934-CD7C85E17614}.Debug|Any CPU.Build.0 = Debug|Any CPU
		{D1E7F37D-C9DC-4F32-A934-CD7C85E17614}.Release|Any CPU.ActiveCfg = Release|Any CPU
		{D1E7F37D-C9DC-4F32-A934-CD7C85E17614}.Release|Any CPU.Build.0 = Release|Any CPU
	EndGlobalSection
	GlobalSection(SolutionProperties) = preSolution
		HideSolutionNode = FALSE
	EndGlobalSection
	GlobalSection(ExtensibilityGlobals) = postSolution
		SolutionGuid = {248A47B1-69E5-4B95-92D5-083AF096E854}
	EndGlobalSection
EndGlobal
