
Microsoft Visual Studio Solution File, Format Version 12.00
# Visual Studio Version 16
VisualStudioVersion = 16.0.30517.126
MinimumVisualStudioVersion = 10.0.40219.1
Project("{FAE04EC0-301F-11D3-BF4B-00C04F79EFBC}") = "juego tictactoee", "juego tictactoee\juego tictactoee.csproj", "{B7009DA2-A6C0-43A6-BFBD-A3BB89FF95C1}"
EndProject
Global
	GlobalSection(SolutionConfigurationPlatforms) = preSolution
		Debug|Any CPU = Debug|Any CPU
		Release|Any CPU = Release|Any CPU
	EndGlobalSection
	GlobalSection(ProjectConfigurationPlatforms) = postSolution
		{B7009DA2-A6C0-43A6-BFBD-A3BB89FF95C1}.Debug|Any CPU.ActiveCfg = Debug|Any CPU
		{B7009DA2-A6C0-43A6-BFBD-A3BB89FF95C1}.Debug|Any CPU.Build.0 = Debug|Any CPU
		{B7009DA2-A6C0-43A6-BFBD-A3BB89FF95C1}.Release|Any CPU.ActiveCfg = Release|Any CPU
		{B7009DA2-A6C0-43A6-BFBD-A3BB89FF95C1}.Release|Any CPU.Build.0 = Release|Any CPU
	EndGlobalSection
	GlobalSection(SolutionProperties) = preSolution
		HideSolutionNode = FALSE
	EndGlobalSection
	GlobalSection(ExtensibilityGlobals) = postSolution
		SolutionGuid = {ABB3E1F0-22DA-4120-B4EE-BA1D9D25192B}
	EndGlobalSection
EndGlobal
