
Microsoft Visual Studio Solution File, Format Version 12.00
# Visual Studio Version 16
VisualStudioVersion = 16.0.30517.126
MinimumVisualStudioVersion = 10.0.40219.1
Project("{FAE04EC0-301F-11D3-BF4B-00C04F79EFBC}") = "ejercicio clases herencia y poliformismo", "ejercicio clases herencia y poliformismo\ejercicio clases herencia y poliformismo.csproj", "{FCB8A96B-BAA1-45E5-BFAE-854CB1163EB1}"
EndProject
Global
	GlobalSection(SolutionConfigurationPlatforms) = preSolution
		Debug|Any CPU = Debug|Any CPU
		Release|Any CPU = Release|Any CPU
	EndGlobalSection
	GlobalSection(ProjectConfigurationPlatforms) = postSolution
		{FCB8A96B-BAA1-45E5-BFAE-854CB1163EB1}.Debug|Any CPU.ActiveCfg = Debug|Any CPU
		{FCB8A96B-BAA1-45E5-BFAE-854CB1163EB1}.Debug|Any CPU.Build.0 = Debug|Any CPU
		{FCB8A96B-BAA1-45E5-BFAE-854CB1163EB1}.Release|Any CPU.ActiveCfg = Release|Any CPU
		{FCB8A96B-BAA1-45E5-BFAE-854CB1163EB1}.Release|Any CPU.Build.0 = Release|Any CPU
	EndGlobalSection
	GlobalSection(SolutionProperties) = preSolution
		HideSolutionNode = FALSE
	EndGlobalSection
	GlobalSection(ExtensibilityGlobals) = postSolution
		SolutionGuid = {FD3558F4-0DD2-4EB5-AEDE-FA0C851C40E7}
	EndGlobalSection
EndGlobal
